
Microsoft Visual Studio Solution File, Format Version 12.00
# Visual Studio 2013
VisualStudioVersion = 12.0.40629.0
MinimumVisualStudioVersion = 10.0.40219.1
Project("{FAE04EC0-301F-11D3-BF4B-00C04F79EFBC}") = "Hermeco.Multimarcas", "Hermeco.Multimarcas\Hermeco.Multimarcas.csproj", "{378D3E52-A7AD-468C-9B3D-958455720A5A}"
EndProject
Project("{FAE04EC0-301F-11D3-BF4B-00C04F79EFBC}") = "Hermeco.Multimarcas.Services", "Hermeco.Multimarcas.Services\Hermeco.Multimarcas.Services.csproj", "{B3648B2B-BD9B-4510-8342-14652081E3FD}"
EndProject
Global
	GlobalSection(SolutionConfigurationPlatforms) = preSolution
		Debug|Any CPU = Debug|Any CPU
		Release|Any CPU = Release|Any CPU
	EndGlobalSection
	GlobalSection(ProjectConfigurationPlatforms) = postSolution
		{378D3E52-A7AD-468C-9B3D-958455720A5A}.Debug|Any CPU.ActiveCfg = Debug|Any CPU
		{378D3E52-A7AD-468C-9B3D-958455720A5A}.Debug|Any CPU.Build.0 = Debug|Any CPU
		{378D3E52-A7AD-468C-9B3D-958455720A5A}.Release|Any CPU.ActiveCfg = Release|Any CPU
		{378D3E52-A7AD-468C-9B3D-958455720A5A}.Release|Any CPU.Build.0 = Release|Any CPU
		{B3648B2B-BD9B-4510-8342-14652081E3FD}.Debug|Any CPU.ActiveCfg = Debug|Any CPU
		{B3648B2B-BD9B-4510-8342-14652081E3FD}.Debug|Any CPU.Build.0 = Debug|Any CPU
		{B3648B2B-BD9B-4510-8342-14652081E3FD}.Release|Any CPU.ActiveCfg = Release|Any CPU
		{B3648B2B-BD9B-4510-8342-14652081E3FD}.Release|Any CPU.Build.0 = Release|Any CPU
	EndGlobalSection
	GlobalSection(SolutionProperties) = preSolution
		HideSolutionNode = FALSE
	EndGlobalSection
EndGlobal
